
Microsoft Visual Studio Solution File, Format Version 12.00
# Visual Studio Version 17
VisualStudioVersion = 17.7.34031.279
MinimumVisualStudioVersion = 10.0.40219.1
Project("{FAE04EC0-301F-11D3-BF4B-00C04F79EFBC}") = "WPF_WEATHER_APP_AVGUSTIN", "WPF_WEATHER_APP_AVGUSTIN.csproj", "{DC97422D-EAA2-4F0C-A5BE-CA32A9FDCAD7}"
EndProject
Global
	GlobalSection(SolutionConfigurationPlatforms) = preSolution
		Debug|Any CPU = Debug|Any CPU
		Release|Any CPU = Release|Any CPU
	EndGlobalSection
	GlobalSection(ProjectConfigurationPlatforms) = postSolution
		{DC97422D-EAA2-4F0C-A5BE-CA32A9FDCAD7}.Debug|Any CPU.ActiveCfg = Debug|Any CPU
		{DC97422D-EAA2-4F0C-A5BE-CA32A9FDCAD7}.Debug|Any CPU.Build.0 = Debug|Any CPU
		{DC97422D-EAA2-4F0C-A5BE-CA32A9FDCAD7}.Release|Any CPU.ActiveCfg = Release|Any CPU
		{DC97422D-EAA2-4F0C-A5BE-CA32A9FDCAD7}.Release|Any CPU.Build.0 = Release|Any CPU
	EndGlobalSection
	GlobalSection(SolutionProperties) = preSolution
		HideSolutionNode = FALSE
	EndGlobalSection
	GlobalSection(ExtensibilityGlobals) = postSolution
		SolutionGuid = {21E7B7A5-0319-487D-8D89-18CC11801BC4}
	EndGlobalSection
EndGlobal
